
Microsoft Visual Studio Solution File, Format Version 12.00
# Visual Studio 15
VisualStudioVersion = 15.0.27130.2036
MinimumVisualStudioVersion = 10.0.40219.1
Project("{FAE04EC0-301F-11D3-BF4B-00C04F79EFBC}") = "BancosAAlvares", "BancosAAlvares\BancosAAlvares.csproj", "{828F1653-BA29-4A89-9B1D-FF7DE1E51CA0}"
EndProject
Global
	GlobalSection(SolutionConfigurationPlatforms) = preSolution
		Debug|Any CPU = Debug|Any CPU
		Release|Any CPU = Release|Any CPU
	EndGlobalSection
	GlobalSection(ProjectConfigurationPlatforms) = postSolution
		{828F1653-BA29-4A89-9B1D-FF7DE1E51CA0}.Debug|Any CPU.ActiveCfg = Debug|Any CPU
		{828F1653-BA29-4A89-9B1D-FF7DE1E51CA0}.Debug|Any CPU.Build.0 = Debug|Any CPU
		{828F1653-BA29-4A89-9B1D-FF7DE1E51CA0}.Release|Any CPU.ActiveCfg = Release|Any CPU
		{828F1653-BA29-4A89-9B1D-FF7DE1E51CA0}.Release|Any CPU.Build.0 = Release|Any CPU
	EndGlobalSection
	GlobalSection(SolutionProperties) = preSolution
		HideSolutionNode = FALSE
	EndGlobalSection
	GlobalSection(ExtensibilityGlobals) = postSolution
		SolutionGuid = {AF6959A9-028E-453A-B8EC-7A8AAAD04493}
	EndGlobalSection
EndGlobal
